
Microsoft Visual Studio Solution File, Format Version 12.00
# Visual Studio Version 16
VisualStudioVersion = 16.0.30804.86
MinimumVisualStudioVersion = 10.0.40219.1
Project("{FAE04EC0-301F-11D3-BF4B-00C04F79EFBC}") = "Contacts.Android", "Contacts\Contacts.Android\Contacts.Android.csproj", "{3B793DE1-6E8B-4005-AF61-FC161C5C630A}"
EndProject
Project("{FAE04EC0-301F-11D3-BF4B-00C04F79EFBC}") = "Contacts.iOS", "Contacts\Contacts.iOS\Contacts.iOS.csproj", "{19881843-EEB7-43FB-A59E-2DD4453EC078}"
EndProject
Project("{FAE04EC0-301F-11D3-BF4B-00C04F79EFBC}") = "Contacts", "Contacts\Contacts\Contacts.csproj", "{3155FF2D-3F0E-4642-ACB1-4531461C952F}"
EndProject
Global
	GlobalSection(SolutionConfigurationPlatforms) = preSolution
		Debug|Any CPU = Debug|Any CPU
		Debug|iPhone = Debug|iPhone
		Debug|iPhoneSimulator = Debug|iPhoneSimulator
		Release|Any CPU = Release|Any CPU
		Release|iPhone = Release|iPhone
		Release|iPhoneSimulator = Release|iPhoneSimulator
	EndGlobalSection
	GlobalSection(ProjectConfigurationPlatforms) = postSolution
		{3B793DE1-6E8B-4005-AF61-FC161C5C630A}.Debug|Any CPU.ActiveCfg = Debug|Any CPU
		{3B793DE1-6E8B-4005-AF61-FC161C5C630A}.Debug|Any CPU.Build.0 = Debug|Any CPU
		{3B793DE1-6E8B-4005-AF61-FC161C5C630A}.Debug|Any CPU.Deploy.0 = Debug|Any CPU
		{3B793DE1-6E8B-4005-AF61-FC161C5C630A}.Debug|iPhone.ActiveCfg = Debug|Any CPU
		{3B793DE1-6E8B-4005-AF61-FC161C5C630A}.Debug|iPhone.Build.0 = Debug|Any CPU
		{3B793DE1-6E8B-4005-AF61-FC161C5C630A}.Debug|iPhone.Deploy.0 = Debug|Any CPU
		{3B793DE1-6E8B-4005-AF61-FC161C5C630A}.Debug|iPhoneSimulator.ActiveCfg = Debug|Any CPU
		{3B793DE1-6E8B-4005-AF61-FC161C5C630A}.Debug|iPhoneSimulator.Build.0 = Debug|Any CPU
		{3B793DE1-6E8B-4005-AF61-FC161C5C630A}.Debug|iPhoneSimulator.Deploy.0 = Debug|Any CPU
		{3B793DE1-6E8B-4005-AF61-FC161C5C630A}.Release|Any CPU.ActiveCfg = Release|Any CPU
		{3B793DE1-6E8B-4005-AF61-FC161C5C630A}.Release|Any CPU.Build.0 = Release|Any CPU
		{3B793DE1-6E8B-4005-AF61-FC161C5C630A}.Release|Any CPU.Deploy.0 = Release|Any CPU
		{3B793DE1-6E8B-4005-AF61-FC161C5C630A}.Release|iPhone.ActiveCfg = Release|Any CPU
		{3B793DE1-6E8B-4005-AF61-FC161C5C630A}.Release|iPhone.Build.0 = Release|Any CPU
		{3B793DE1-6E8B-4005-AF61-FC161C5C630A}.Release|iPhone.Deploy.0 = Release|Any CPU
		{3B793DE1-6E8B-4005-AF61-FC161C5C630A}.Release|iPhoneSimulator.ActiveCfg = Release|Any CPU
		{3B793DE1-6E8B-4005-AF61-FC161C5C630A}.Release|iPhoneSimulator.Build.0 = Release|Any CPU
		{3B793DE1-6E8B-4005-AF61-FC161C5C630A}.Release|iPhoneSimulator.Deploy.0 = Release|Any CPU
		{19881843-EEB7-43FB-A59E-2DD4453EC078}.Debug|Any CPU.ActiveCfg = Debug|iPhone
		{19881843-EEB7-43FB-A59E-2DD4453EC078}.Debug|Any CPU.Build.0 = Debug|iPhone
		{19881843-EEB7-43FB-A59E-2DD4453EC078}.Debug|Any CPU.Deploy.0 = Debug|iPhone
		{19881843-EEB7-43FB-A59E-2DD4453EC078}.Debug|iPhone.ActiveCfg = Debug|iPhone
		{19881843-EEB7-43FB-A59E-2DD4453EC078}.Debug|iPhone.Build.0 = Debug|iPhone
		{19881843-EEB7-43FB-A59E-2DD4453EC078}.Debug|iPhone.Deploy.0 = Debug|iPhone
		{19881843-EEB7-43FB-A59E-2DD4453EC078}.Debug|iPhoneSimulator.ActiveCfg = Debug|iPhoneSimulator
		{19881843-EEB7-43FB-A59E-2DD4453EC078}.Debug|iPhoneSimulator.Build.0 = Debug|iPhoneSimulator
		{19881843-EEB7-43FB-A59E-2DD4453EC078}.Debug|iPhoneSimulator.Deploy.0 = Debug|iPhoneSimulator
		{19881843-EEB7-43FB-A59E-2DD4453EC078}.Release|Any CPU.ActiveCfg = Release|iPhoneSimulator
		{19881843-EEB7-43FB-A59E-2DD4453EC078}.Release|Any CPU.Build.0 = Release|iPhoneSimulator
		{19881843-EEB7-43FB-A59E-2DD4453EC078}.Release|Any CPU.Deploy.0 = Release|iPhoneSimulator
		{19881843-EEB7-43FB-A59E-2DD4453EC078}.Release|iPhone.ActiveCfg = Release|iPhone
		{19881843-EEB7-43FB-A59E-2DD4453EC078}.Release|iPhone.Build.0 = Release|iPhone
		{19881843-EEB7-43FB-A59E-2DD4453EC078}.Release|iPhone.Deploy.0 = Release|iPhone
		{19881843-EEB7-43FB-A59E-2DD4453EC078}.Release|iPhoneSimulator.ActiveCfg = Release|iPhoneSimulator
		{19881843-EEB7-43FB-A59E-2DD4453EC078}.Release|iPhoneSimulator.Build.0 = Release|iPhoneSimulator
		{19881843-EEB7-43FB-A59E-2DD4453EC078}.Release|iPhoneSimulator.Deploy.0 = Release|iPhoneSimulator
		{3155FF2D-3F0E-4642-ACB1-4531461C952F}.Debug|Any CPU.ActiveCfg = Debug|Any CPU
		{3155FF2D-3F0E-4642-ACB1-4531461C952F}.Debug|Any CPU.Build.0 = Debug|Any CPU
		{3155FF2D-3F0E-4642-ACB1-4531461C952F}.Debug|Any CPU.Deploy.0 = Debug|Any CPU
		{3155FF2D-3F0E-4642-ACB1-4531461C952F}.Debug|iPhone.ActiveCfg = Debug|Any CPU
		{3155FF2D-3F0E-4642-ACB1-4531461C952F}.Debug|iPhone.Build.0 = Debug|Any CPU
		{3155FF2D-3F0E-4642-ACB1-4531461C952F}.Debug|iPhone.Deploy.0 = Debug|Any CPU
		{3155FF2D-3F0E-4642-ACB1-4531461C952F}.Debug|iPhoneSimulator.ActiveCfg = Debug|Any CPU
		{3155FF2D-3F0E-4642-ACB1-4531461C952F}.Debug|iPhoneSimulator.Build.0 = Debug|Any CPU
		{3155FF2D-3F0E-4642-ACB1-4531461C952F}.Debug|iPhoneSimulator.Deploy.0 = Debug|Any CPU
		{3155FF2D-3F0E-4642-ACB1-4531461C952F}.Release|Any CPU.ActiveCfg = Release|Any CPU
		{3155FF2D-3F0E-4642-ACB1-4531461C952F}.Release|Any CPU.Build.0 = Release|Any CPU
		{3155FF2D-3F0E-4642-ACB1-4531461C952F}.Release|Any CPU.Deploy.0 = Release|Any CPU
		{3155FF2D-3F0E-4642-ACB1-4531461C952F}.Release|iPhone.ActiveCfg = Release|Any CPU
		{3155FF2D-3F0E-4642-ACB1-4531461C952F}.Release|iPhone.Build.0 = Release|Any CPU
		{3155FF2D-3F0E-4642-ACB1-4531461C952F}.Release|iPhone.Deploy.0 = Release|Any CPU
		{3155FF2D-3F0E-4642-ACB1-4531461C952F}.Release|iPhoneSimulator.ActiveCfg = Release|Any CPU
		{3155FF2D-3F0E-4642-ACB1-4531461C952F}.Release|iPhoneSimulator.Build.0 = Release|Any CPU
		{3155FF2D-3F0E-4642-ACB1-4531461C952F}.Release|iPhoneSimulator.Deploy.0 = Release|Any CPU
	EndGlobalSection
	GlobalSection(SolutionProperties) = preSolution
		HideSolutionNode = FALSE
	EndGlobalSection
	GlobalSection(ExtensibilityGlobals) = postSolution
		SolutionGuid = {FBCC2C98-6FF9-46F4-BD79-A7F193B72E9F}
	EndGlobalSection
EndGlobal
